
Microsoft Visual Studio Solution File, Format Version 12.00
# Visual Studio 15
VisualStudioVersion = 15.0.28010.2026
MinimumVisualStudioVersion = 10.0.40219.1
Project("{2150E333-8FDC-42A3-9474-1A3956D46DE8}") = "Solution Items", "Solution Items", "{7BC33927-BE8B-48E1-A1DE-E9BD96D34FAD}"
	ProjectSection(SolutionItems) = preProject
		Ahoy.lua = Ahoy.lua
		Ahoy.toc = Ahoy.toc
		AhoyLDB.lua = AhoyLDB.lua
		Info.txt = Info.txt
		Settings.lua = Settings.lua
	EndProjectSection
EndProject
Project("{2150E333-8FDC-42A3-9474-1A3956D46DE8}") = "UI", "UI", "{7C85F973-8720-4C58-B31B-20BD640339DF}"
	ProjectSection(SolutionItems) = preProject
		UI\UI.lua = UI\UI.lua
		UI\UI_DatabaseView.lua = UI\UI_DatabaseView.lua
		UI\UI_Expeditions_Loot.lua = UI\UI_Expeditions_Loot.lua
		UI\UI_Expeditions_Score.lua = UI\UI_Expeditions_Score.lua
		UI\UI_Flash.lua = UI\UI_Flash.lua
		UI\UI_Help.lua = UI\UI_Help.lua
		UI\UI_Mainframe.lua = UI\UI_Mainframe.lua
		UI\UI_Menu.lua = UI\UI_Menu.lua
		UI\UI_Queue.lua = UI\UI_Queue.lua
		UI\UI_Rewards.lua = UI\UI_Rewards.lua
		UI\UI_Settings.lua = UI\UI_Settings.lua
		UI\UI_SplashScreen.lua = UI\UI_SplashScreen.lua
		UI\UI_WorldMap.lua = UI\UI_WorldMap.lua
	EndProjectSection
EndProject
Project("{2150E333-8FDC-42A3-9474-1A3956D46DE8}") = "Libraries", "Libraries", "{9E63B335-4954-461E-B619-4D81C6E7C4BE}"
	ProjectSection(SolutionItems) = preProject
		Libraries\CallbackHandler-1.0\CallbackHandler-1.0.lua = Libraries\CallbackHandler-1.0\CallbackHandler-1.0.lua
		Libraries\LibDataBroker-1.1\LibDataBroker-1.1.lua = Libraries\LibDataBroker-1.1\LibDataBroker-1.1.lua
		Libraries\LibDBIcon-1.0\LibDBIcon-1.0.lua = Libraries\LibDBIcon-1.0\LibDBIcon-1.0.lua
		Libraries\LibSharedMedia-3.0\LibSharedMedia-3.0.lua = Libraries\LibSharedMedia-3.0\LibSharedMedia-3.0.lua
		Libraries\LibStub\LibStub.lua = Libraries\LibStub\LibStub.lua
	EndProjectSection
EndProject
Project("{2150E333-8FDC-42A3-9474-1A3956D46DE8}") = "Database", "Database", "{5EAFB198-2C50-48F2-9197-188912A906C3}"
	ProjectSection(SolutionItems) = preProject
		Database\AhoyCreatureDB.lua = Database\AhoyCreatureDB.lua
		Database\AhoyGameObjectDB.lua = Database\AhoyGameObjectDB.lua
		Database\AhoyItemDB.lua = Database\AhoyItemDB.lua
		Database\AhoyMapDB.lua = Database\AhoyMapDB.lua
	EndProjectSection
EndProject
Global
	GlobalSection(SolutionProperties) = preSolution
		HideSolutionNode = FALSE
	EndGlobalSection
	GlobalSection(NestedProjects) = preSolution
		{7C85F973-8720-4C58-B31B-20BD640339DF} = {7BC33927-BE8B-48E1-A1DE-E9BD96D34FAD}
		{9E63B335-4954-461E-B619-4D81C6E7C4BE} = {7BC33927-BE8B-48E1-A1DE-E9BD96D34FAD}
		{5EAFB198-2C50-48F2-9197-188912A906C3} = {7BC33927-BE8B-48E1-A1DE-E9BD96D34FAD}
	EndGlobalSection
	GlobalSection(ExtensibilityGlobals) = postSolution
		SolutionGuid = {5157B68F-0180-49F1-AE9B-E20E345DCE06}
	EndGlobalSection
EndGlobal
